
Microsoft Visual Studio Solution File, Format Version 12.00
Project("{FAE04EC0-301F-11D3-BF4B-00C04F79EFBC}") = "CircleApp.UI", "CircleApp.UI\CircleApp.UI.csproj", "{154273E6-D0CD-4FDA-83F8-9D417AFA03C2}"
EndProject
Project("{FAE04EC0-301F-11D3-BF4B-00C04F79EFBC}") = "Infrastructure", "Infrastructure\Infrastructure.csproj", "{B08D660C-F262-4A00-802E-14C773B95B59}"
EndProject
Project("{FAE04EC0-301F-11D3-BF4B-00C04F79EFBC}") = "Domain", "Domain\Domain.csproj", "{B08247C2-D334-4B5D-8280-7F9C65F3C6EE}"
EndProject
Project("{FAE04EC0-301F-11D3-BF4B-00C04F79EFBC}") = "Services", "Services\Services.csproj", "{F1170B2F-D354-427F-9D12-86A316BBBF5C}"
EndProject
Global
	GlobalSection(SolutionConfigurationPlatforms) = preSolution
		Debug|Any CPU = Debug|Any CPU
		Release|Any CPU = Release|Any CPU
	EndGlobalSection
	GlobalSection(ProjectConfigurationPlatforms) = postSolution
		{154273E6-D0CD-4FDA-83F8-9D417AFA03C2}.Debug|Any CPU.ActiveCfg = Debug|Any CPU
		{154273E6-D0CD-4FDA-83F8-9D417AFA03C2}.Debug|Any CPU.Build.0 = Debug|Any CPU
		{154273E6-D0CD-4FDA-83F8-9D417AFA03C2}.Release|Any CPU.ActiveCfg = Release|Any CPU
		{154273E6-D0CD-4FDA-83F8-9D417AFA03C2}.Release|Any CPU.Build.0 = Release|Any CPU
		{B08D660C-F262-4A00-802E-14C773B95B59}.Debug|Any CPU.ActiveCfg = Debug|Any CPU
		{B08D660C-F262-4A00-802E-14C773B95B59}.Debug|Any CPU.Build.0 = Debug|Any CPU
		{B08D660C-F262-4A00-802E-14C773B95B59}.Release|Any CPU.ActiveCfg = Release|Any CPU
		{B08D660C-F262-4A00-802E-14C773B95B59}.Release|Any CPU.Build.0 = Release|Any CPU
		{B08247C2-D334-4B5D-8280-7F9C65F3C6EE}.Debug|Any CPU.ActiveCfg = Debug|Any CPU
		{B08247C2-D334-4B5D-8280-7F9C65F3C6EE}.Debug|Any CPU.Build.0 = Debug|Any CPU
		{B08247C2-D334-4B5D-8280-7F9C65F3C6EE}.Release|Any CPU.ActiveCfg = Release|Any CPU
		{B08247C2-D334-4B5D-8280-7F9C65F3C6EE}.Release|Any CPU.Build.0 = Release|Any CPU
		{F1170B2F-D354-427F-9D12-86A316BBBF5C}.Debug|Any CPU.ActiveCfg = Debug|Any CPU
		{F1170B2F-D354-427F-9D12-86A316BBBF5C}.Debug|Any CPU.Build.0 = Debug|Any CPU
		{F1170B2F-D354-427F-9D12-86A316BBBF5C}.Release|Any CPU.ActiveCfg = Release|Any CPU
		{F1170B2F-D354-427F-9D12-86A316BBBF5C}.Release|Any CPU.Build.0 = Release|Any CPU
	EndGlobalSection
EndGlobal
