{
  "name": "CircleApp",
  "lockfileVersion": 3,
  "requires": true,
  "packages": {
    "": {
      "dependencies": {
        "uikit": "^3.23.7"
      }
    },
    "node_modules/uikit": {
      "version": "3.23.7",
      "resolved": "https://registry.npmjs.org/uikit/-/uikit-3.23.7.tgz",
      "integrity": "sha512-DaTJDQxRwZMuVUIqkWDamAX9+DuVwdJpbhAqRz8zinLy8dzsh39EXoq6GJnLszu7IYSUe2BjoZLXEQjwQtMIhg==",
      "license": "MIT"
    }
  }
}
